hash: 3f62f725d0d64fcc43306a914ebf3a1ed00564d2d00abb92d4ae5335c97df802
updated: 2018-06-08T11:25:51.953034765+02:00
imports:
- name: github.com/mattn/go-isatty
  version: 6ca4dbf54d38eea1a992b3c722a76a5d1c4cb25c
- name: github.com/mattn/go-runewidth
  version: ce7b0b5c7b45a81508558cd1dba6bb1e4ddb51bb
- name: github.com/nsf/termbox-go
  version: 21a4d435a86280a2927985fd6296de56cbce453e
- name: golang.org/x/sys
  version: 9527bec2660bd847c050fda93a0f0c6dee0800bb
  subpackages:
  - unix
testImports: []
