github.com/mattn/go-isatty v0.0.4 h1:bnP0vzxcAdeI1zdubAl5PjU6zsERjGZb7raWodagDYs=
github.com/mattn/go-isatty v0.0.4/go.mod h1:M+lRXTBqGeGNdLjl/ufCoiOlB5xdOkqRJdNxMWT7Zi4=
github.com/mattn/go-runewidth v0.0.0-20161012013512-737072b4e32b h1:idzeyUe3K4aU/SIZWMykIkJJyTD7CgDkxUQEjV07fno=
github.com/mattn/go-runewidth v0.0.0-20161012013512-737072b4e32b/go.mod h1:LwmH8dsx7+W8Uxz3IHJYH5QSwggIsqBzpuz5H//U1FU=
github.com/mattn/go-runewidth v0.0.3 h1:a+kO+98RDGEfo6asOGMmpodZq4FNtnGP54yps8BzLR4=
github.com/mattn/go-runewidth v0.0.3/go.mod h1:LwmH8dsx7+W8Uxz3IHJYH5QSwggIsqBzpuz5H//U1FU=
github.com/nsf/termbox-go v0.0.0-20161205194251-abe82ce5fb7a h1:JbDkPy70t0IWlnEvNb5TsmOOpKp/0UkPk2FMek2mOGM=
github.com/nsf/termbox-go v0.0.0-20161205194251-abe82ce5fb7a/go.mod h1:IuKpRQcYE1Tfu+oAQqaLisqDeXgjyyltCfsaoYN18NQ=
github.com/nsf/termbox-go v0.0.0-20181027232701-60ab7e3d12ed h1:bAVGG6B+R5qpSylrrA+BAMrzYkdAoiTaKPVxRB+4cyM=
github.com/nsf/termbox-go v0.0.0-20181027232701-60ab7e3d12ed/go.mod h1:IuKpRQcYE1Tfu+oAQqaLisqDeXgjyyltCfsaoYN18NQ=
